
Microsoft Visual Studio Solution File, Format Version 12.00
# Visual Studio Version 17
VisualStudioVersion = 17.0.32112.339
MinimumVisualStudioVersion = 10.0.40219.1
Project("{9A19103F-16F7-4668-BE54-9A1E7A4F7556}") = "Bank", "Bank\Bank.csproj", "{E1875F53-B62D-431B-B339-013BEC04C7F2}"
EndProject
Project("{9A19103F-16F7-4668-BE54-9A1E7A4F7556}") = "BankTests", "BankTests\BankTests.csproj", "{ED466DE0-A54F-4483-8EF8-7B56CF702B32}"
EndProject
Project("{9A19103F-16F7-4668-BE54-9A1E7A4F7556}") = "IntroVS", "IntroVS\IntroVS.csproj", "{541E27D1-C973-4BDA-AD1D-ADB42E238CD6}"
EndProject
Project("{FAE04EC0-301F-11D3-BF4B-00C04F79EFBC}") = "Fake", "Fake\Fake.csproj", "{2DE8A7CB-F496-4D1F-B6B8-23B9878F0EA3}"
EndProject
Project("{FAE04EC0-301F-11D3-BF4B-00C04F79EFBC}") = "FakeTests", "FakeTests\FakeTests.csproj", "{DF49AEF7-8F6A-4C69-A7CF-E552633C344C}"
EndProject
Global
	GlobalSection(SolutionConfigurationPlatforms) = preSolution
		Debug|Any CPU = Debug|Any CPU
		Release|Any CPU = Release|Any CPU
	EndGlobalSection
	GlobalSection(ProjectConfigurationPlatforms) = postSolution
		{E1875F53-B62D-431B-B339-013BEC04C7F2}.Debug|Any CPU.ActiveCfg = Debug|Any CPU
		{E1875F53-B62D-431B-B339-013BEC04C7F2}.Debug|Any CPU.Build.0 = Debug|Any CPU
		{E1875F53-B62D-431B-B339-013BEC04C7F2}.Release|Any CPU.ActiveCfg = Release|Any CPU
		{E1875F53-B62D-431B-B339-013BEC04C7F2}.Release|Any CPU.Build.0 = Release|Any CPU
		{ED466DE0-A54F-4483-8EF8-7B56CF702B32}.Debug|Any CPU.ActiveCfg = Debug|Any CPU
		{ED466DE0-A54F-4483-8EF8-7B56CF702B32}.Debug|Any CPU.Build.0 = Debug|Any CPU
		{ED466DE0-A54F-4483-8EF8-7B56CF702B32}.Release|Any CPU.ActiveCfg = Release|Any CPU
		{ED466DE0-A54F-4483-8EF8-7B56CF702B32}.Release|Any CPU.Build.0 = Release|Any CPU
		{541E27D1-C973-4BDA-AD1D-ADB42E238CD6}.Debug|Any CPU.ActiveCfg = Debug|Any CPU
		{541E27D1-C973-4BDA-AD1D-ADB42E238CD6}.Debug|Any CPU.Build.0 = Debug|Any CPU
		{541E27D1-C973-4BDA-AD1D-ADB42E238CD6}.Release|Any CPU.ActiveCfg = Release|Any CPU
		{541E27D1-C973-4BDA-AD1D-ADB42E238CD6}.Release|Any CPU.Build.0 = Release|Any CPU
		{2DE8A7CB-F496-4D1F-B6B8-23B9878F0EA3}.Debug|Any CPU.ActiveCfg = Debug|Any CPU
		{2DE8A7CB-F496-4D1F-B6B8-23B9878F0EA3}.Debug|Any CPU.Build.0 = Debug|Any CPU
		{2DE8A7CB-F496-4D1F-B6B8-23B9878F0EA3}.Release|Any CPU.ActiveCfg = Release|Any CPU
		{2DE8A7CB-F496-4D1F-B6B8-23B9878F0EA3}.Release|Any CPU.Build.0 = Release|Any CPU
		{DF49AEF7-8F6A-4C69-A7CF-E552633C344C}.Debug|Any CPU.ActiveCfg = Debug|Any CPU
		{DF49AEF7-8F6A-4C69-A7CF-E552633C344C}.Debug|Any CPU.Build.0 = Debug|Any CPU
		{DF49AEF7-8F6A-4C69-A7CF-E552633C344C}.Release|Any CPU.ActiveCfg = Release|Any CPU
		{DF49AEF7-8F6A-4C69-A7CF-E552633C344C}.Release|Any CPU.Build.0 = Release|Any CPU
	EndGlobalSection
	GlobalSection(SolutionProperties) = preSolution
		HideSolutionNode = FALSE
	EndGlobalSection
	GlobalSection(ExtensibilityGlobals) = postSolution
		SolutionGuid = {32368D12-3BB4-47BE-9951-51E79FAFCE01}
	EndGlobalSection
EndGlobal
